
Microsoft Visual Studio Solution File, Format Version 12.00
# Visual Studio Version 17
VisualStudioVersion = 17.0.31903.59
MinimumVisualStudioVersion = 10.0.40219.1
Project("{FAE04EC0-301F-11D3-BF4B-00C04F79EFBC}") = "EE.ShoppingCart", "EE.ShoppingCart\EE.ShoppingCart.csproj", "{237BDCD5-7866-4A01-8A26-399AD65C3AE0}"
EndProject
Project("{FAE04EC0-301F-11D3-BF4B-00C04F79EFBC}") = "EE.ShoppingCart.Unit.Tests", "EE.ShoppingCart.Unit.Tests\EE.ShoppingCart.Unit.Tests.csproj", "{4E58CD09-5952-4BCE-AF6C-EF4BD96AF134}"
EndProject
Global
	GlobalSection(SolutionConfigurationPlatforms) = preSolution
		Debug|Any CPU = Debug|Any CPU
		Debug|x64 = Debug|x64
		Debug|x86 = Debug|x86
		Release|Any CPU = Release|Any CPU
		Release|x64 = Release|x64
		Release|x86 = Release|x86
	EndGlobalSection
	GlobalSection(ProjectConfigurationPlatforms) = postSolution
		{237BDCD5-7866-4A01-8A26-399AD65C3AE0}.Debug|Any CPU.ActiveCfg = Debug|Any CPU
		{237BDCD5-7866-4A01-8A26-399AD65C3AE0}.Debug|Any CPU.Build.0 = Debug|Any CPU
		{237BDCD5-7866-4A01-8A26-399AD65C3AE0}.Debug|x64.ActiveCfg = Debug|Any CPU
		{237BDCD5-7866-4A01-8A26-399AD65C3AE0}.Debug|x64.Build.0 = Debug|Any CPU
		{237BDCD5-7866-4A01-8A26-399AD65C3AE0}.Debug|x86.ActiveCfg = Debug|Any CPU
		{237BDCD5-7866-4A01-8A26-399AD65C3AE0}.Debug|x86.Build.0 = Debug|Any CPU
		{237BDCD5-7866-4A01-8A26-399AD65C3AE0}.Release|Any CPU.ActiveCfg = Release|Any CPU
		{237BDCD5-7866-4A01-8A26-399AD65C3AE0}.Release|Any CPU.Build.0 = Release|Any CPU
		{237BDCD5-7866-4A01-8A26-399AD65C3AE0}.Release|x64.ActiveCfg = Release|Any CPU
		{237BDCD5-7866-4A01-8A26-399AD65C3AE0}.Release|x64.Build.0 = Release|Any CPU
		{237BDCD5-7866-4A01-8A26-399AD65C3AE0}.Release|x86.ActiveCfg = Release|Any CPU
		{237BDCD5-7866-4A01-8A26-399AD65C3AE0}.Release|x86.Build.0 = Release|Any CPU
		{4E58CD09-5952-4BCE-AF6C-EF4BD96AF134}.Debug|Any CPU.ActiveCfg = Debug|Any CPU
		{4E58CD09-5952-4BCE-AF6C-EF4BD96AF134}.Debug|Any CPU.Build.0 = Debug|Any CPU
		{4E58CD09-5952-4BCE-AF6C-EF4BD96AF134}.Debug|x64.ActiveCfg = Debug|Any CPU
		{4E58CD09-5952-4BCE-AF6C-EF4BD96AF134}.Debug|x64.Build.0 = Debug|Any CPU
		{4E58CD09-5952-4BCE-AF6C-EF4BD96AF134}.Debug|x86.ActiveCfg = Debug|Any CPU
		{4E58CD09-5952-4BCE-AF6C-EF4BD96AF134}.Debug|x86.Build.0 = Debug|Any CPU
		{4E58CD09-5952-4BCE-AF6C-EF4BD96AF134}.Release|Any CPU.ActiveCfg = Release|Any CPU
		{4E58CD09-5952-4BCE-AF6C-EF4BD96AF134}.Release|Any CPU.Build.0 = Release|Any CPU
		{4E58CD09-5952-4BCE-AF6C-EF4BD96AF134}.Release|x64.ActiveCfg = Release|Any CPU
		{4E58CD09-5952-4BCE-AF6C-EF4BD96AF134}.Release|x64.Build.0 = Release|Any CPU
		{4E58CD09-5952-4BCE-AF6C-EF4BD96AF134}.Release|x86.ActiveCfg = Release|Any CPU
		{4E58CD09-5952-4BCE-AF6C-EF4BD96AF134}.Release|x86.Build.0 = Release|Any CPU
	EndGlobalSection
	GlobalSection(SolutionProperties) = preSolution
		HideSolutionNode = FALSE
	EndGlobalSection
EndGlobal
